
Microsoft Visual Studio Solution File, Format Version 12.00
# Visual Studio Version 17
VisualStudioVersion = 17.14.36414.22 d17.14
MinimumVisualStudioVersion = 10.0.40219.1
Project("{FAE04EC0-301F-11D3-BF4B-00C04F79EFBC}") = "pedido1", "pedido1.csproj", "{0DE5BB71-42EF-478A-92DD-D5BE337D2237}"
EndProject
Global
	GlobalSection(SolutionConfigurationPlatforms) = preSolution
		Debug|Any CPU = Debug|Any CPU
		Release|Any CPU = Release|Any CPU
	EndGlobalSection
	GlobalSection(ProjectConfigurationPlatforms) = postSolution
		{0DE5BB71-42EF-478A-92DD-D5BE337D2237}.Debug|Any CPU.ActiveCfg = Debug|Any CPU
		{0DE5BB71-42EF-478A-92DD-D5BE337D2237}.Debug|Any CPU.Build.0 = Debug|Any CPU
		{0DE5BB71-42EF-478A-92DD-D5BE337D2237}.Release|Any CPU.ActiveCfg = Release|Any CPU
		{0DE5BB71-42EF-478A-92DD-D5BE337D2237}.Release|Any CPU.Build.0 = Release|Any CPU
	EndGlobalSection
	GlobalSection(SolutionProperties) = preSolution
		HideSolutionNode = FALSE
	EndGlobalSection
	GlobalSection(ExtensibilityGlobals) = postSolution
		SolutionGuid = {20276A06-929B-4F51-907E-4BBDA789F402}
	EndGlobalSection
EndGlobal
